
Microsoft Visual Studio Solution File, Format Version 12.00
# Visual Studio Version 16
VisualStudioVersion = 16.0.30711.63
MinimumVisualStudioVersion = 10.0.40219.1
Project("{9A19103F-16F7-4668-BE54-9A1E7A4F7556}") = "DatingApp", "DatingApp\DatingApp.csproj", "{74645E3D-BBFD-42A6-8BD5-992FB0894B3A}"
EndProject
Project("{FAE04EC0-301F-11D3-BF4B-00C04F79EFBC}") = "NUnitTestProject1", "NUnitTestProject1\NUnitTestProject1.csproj", "{B8834B47-8EDA-4800-8707-1A52BE08D330}"
EndProject
Global
	GlobalSection(SolutionConfigurationPlatforms) = preSolution
		Debug|Any CPU = Debug|Any CPU
		Release|Any CPU = Release|Any CPU
	EndGlobalSection
	GlobalSection(ProjectConfigurationPlatforms) = postSolution
		{74645E3D-BBFD-42A6-8BD5-992FB0894B3A}.Debug|Any CPU.ActiveCfg = Debug|Any CPU
		{74645E3D-BBFD-42A6-8BD5-992FB0894B3A}.Debug|Any CPU.Build.0 = Debug|Any CPU
		{74645E3D-BBFD-42A6-8BD5-992FB0894B3A}.Release|Any CPU.ActiveCfg = Release|Any CPU
		{74645E3D-BBFD-42A6-8BD5-992FB0894B3A}.Release|Any CPU.Build.0 = Release|Any CPU
		{B8834B47-8EDA-4800-8707-1A52BE08D330}.Debug|Any CPU.ActiveCfg = Debug|Any CPU
		{B8834B47-8EDA-4800-8707-1A52BE08D330}.Debug|Any CPU.Build.0 = Debug|Any CPU
		{B8834B47-8EDA-4800-8707-1A52BE08D330}.Release|Any CPU.ActiveCfg = Release|Any CPU
		{B8834B47-8EDA-4800-8707-1A52BE08D330}.Release|Any CPU.Build.0 = Release|Any CPU
	EndGlobalSection
	GlobalSection(SolutionProperties) = preSolution
		HideSolutionNode = FALSE
	EndGlobalSection
	GlobalSection(ExtensibilityGlobals) = postSolution
		SolutionGuid = {366F5B01-0A26-499D-BD76-38EFFD87D5C4}
	EndGlobalSection
EndGlobal
